
Microsoft Visual Studio Solution File, Format Version 12.00
# Visual Studio 15
VisualStudioVersion = 15.0.28307.168
MinimumVisualStudioVersion = 10.0.40219.1
Project("{9A19103F-16F7-4668-BE54-9A1E7A4F7556}") = "LexLibrary.Line.NotifyBot.Sample", "src\LexLibrary.Line.NotifyBot.Sample.csproj", "{C3BFF711-C2D8-4316-AD7A-BDBABF548843}"
EndProject
Global
	GlobalSection(SolutionConfigurationPlatforms) = preSolution
		Debug|Any CPU = Debug|Any CPU
		Release|Any CPU = Release|Any CPU
	EndGlobalSection
	GlobalSection(ProjectConfigurationPlatforms) = postSolution
		{C3BFF711-C2D8-4316-AD7A-BDBABF548843}.Debug|Any CPU.ActiveCfg = Debug|Any CPU
		{C3BFF711-C2D8-4316-AD7A-BDBABF548843}.Debug|Any CPU.Build.0 = Debug|Any CPU
		{C3BFF711-C2D8-4316-AD7A-BDBABF548843}.Release|Any CPU.ActiveCfg = Release|Any CPU
		{C3BFF711-C2D8-4316-AD7A-BDBABF548843}.Release|Any CPU.Build.0 = Release|Any CPU
	EndGlobalSection
	GlobalSection(SolutionProperties) = preSolution
		HideSolutionNode = FALSE
	EndGlobalSection
	GlobalSection(ExtensibilityGlobals) = postSolution
		SolutionGuid = {49F56E83-7725-49CE-99D6-2D03EA3F0F90}
	EndGlobalSection
EndGlobal
